
Microsoft Visual Studio Solution File, Format Version 12.00
# Visual Studio Version 17
VisualStudioVersion = 17.2.32630.192
MinimumVisualStudioVersion = 10.0.40219.1
Project("{9A19103F-16F7-4668-BE54-9A1E7A4F7556}") = "R5T.T0225", "R5T.T0225\R5T.T0225.csproj", "{73342A81-02B5-4888-A96A-51AA7F3FDC1C}"
EndProject
Project("{2150E333-8FDC-42A3-9474-1A3956D46DE8}") = "_Dependencies", "_Dependencies", "{C8F91217-3736-4834-94FB-60BC65813610}"
EndProject
Project("{9A19103F-16F7-4668-BE54-9A1E7A4F7556}") = "R5T.T0142", "..\..\R5T.T0142\source\R5T.T0142\R5T.T0142.csproj", "{079AFF39-E793-4AEC-855E-B50DA1577392}"
EndProject
Project("{9A19103F-16F7-4668-BE54-9A1E7A4F7556}") = "R5T.T0143", "..\..\R5T.T0143\source\R5T.T0143\R5T.T0143.csproj", "{65C45FD5-52B9-4DEC-82EA-B62520CF81D9}"
EndProject
Project("{9A19103F-16F7-4668-BE54-9A1E7A4F7556}") = "R5T.T0225.T000", "R5T.T0225.T000\R5T.T0225.T000.csproj", "{0E78B0E8-DE0D-43CE-8A86-BE570C1C31FB}"
EndProject
Project("{9A19103F-16F7-4668-BE54-9A1E7A4F7556}") = "R5T.F0000", "..\..\R5T.F0000\source\R5T.F0000\R5T.F0000.csproj", "{0DC24F65-ACB2-4A7D-AABD-44331D3B6EF5}"
EndProject
Project("{9A19103F-16F7-4668-BE54-9A1E7A4F7556}") = "R5T.F0002", "..\..\R5T.F0002\source\R5T.F0002\R5T.F0002.csproj", "{026126C2-1FEE-4ED4-B528-67D0C9B9759B}"
EndProject
Project("{9A19103F-16F7-4668-BE54-9A1E7A4F7556}") = "R5T.F0120", "..\..\R5T.F0120\source\R5T.F0120\R5T.F0120.csproj", "{5DB666B7-4F6F-4143-8C88-42E7663C3DD2}"
EndProject
Project("{9A19103F-16F7-4668-BE54-9A1E7A4F7556}") = "R5T.F0124", "..\..\R5T.F0124\source\R5T.F0124\R5T.F0124.csproj", "{CDB415E5-E6C0-47D5-9B34-8C260EBB0057}"
EndProject
Project("{9A19103F-16F7-4668-BE54-9A1E7A4F7556}") = "R5T.F0125", "..\..\R5T.F0125\source\R5T.F0125\R5T.F0125.csproj", "{36537AB9-6151-454A-BC9A-714AB6836F13}"
EndProject
Project("{9A19103F-16F7-4668-BE54-9A1E7A4F7556}") = "R5T.L0030.T000", "..\..\R5T.L0030\source\R5T.L0030.T000\R5T.L0030.T000.csproj", "{1622E95B-D1CB-4670-B2C2-B9C6B999C8FF}"
EndProject
Project("{9A19103F-16F7-4668-BE54-9A1E7A4F7556}") = "R5T.L0030", "..\..\R5T.L0030\source\R5T.L0030\R5T.L0030.csproj", "{0E749CE1-8694-456A-9153-1E90D40619B5}"
EndProject
Project("{9A19103F-16F7-4668-BE54-9A1E7A4F7556}") = "R5T.L0034", "..\..\R5T.L0034\source\R5T.L0034\R5T.L0034.csproj", "{71B4DDA7-58AE-43B1-9120-A57CB234BB99}"
EndProject
Project("{9A19103F-16F7-4668-BE54-9A1E7A4F7556}") = "R5T.L0035", "..\..\R5T.L0035\source\R5T.L0035\R5T.L0035.csproj", "{C1FEDD62-8045-44BD-9819-168B6488EDCB}"
EndProject
Project("{9A19103F-16F7-4668-BE54-9A1E7A4F7556}") = "R5T.L0053", "..\..\R5T.L0053\source\R5T.L0053\R5T.L0053.csproj", "{75A39D2B-AEB4-4980-9780-18DFF7149D79}"
EndProject
Project("{9A19103F-16F7-4668-BE54-9A1E7A4F7556}") = "R5T.NG0022", "..\..\R5T.NG0022\source\R5T.NG0022\R5T.NG0022.csproj", "{8C5FA889-071F-4236-AE99-56C3E5019C5A}"
EndProject
Project("{9A19103F-16F7-4668-BE54-9A1E7A4F7556}") = "R5T.T0131", "..\..\R5T.T0131\source\R5T.T0131\R5T.T0131.csproj", "{5F8AABD9-91E4-4088-9D92-A4ED126DB605}"
EndProject
Project("{9A19103F-16F7-4668-BE54-9A1E7A4F7556}") = "R5T.T0132", "..\..\R5T.T0132\source\R5T.T0132\R5T.T0132.csproj", "{3E0A41A2-2D0C-4E43-9823-1A48BD81BAC3}"
EndProject
Project("{9A19103F-16F7-4668-BE54-9A1E7A4F7556}") = "R5T.T0156", "..\..\R5T.T0156\source\R5T.T0156\R5T.T0156.csproj", "{329146BC-BC22-4429-B120-97691E81371B}"
EndProject
Project("{9A19103F-16F7-4668-BE54-9A1E7A4F7556}") = "R5T.T0174", "..\..\R5T.T0174\source\R5T.T0174\R5T.T0174.csproj", "{E532A2A1-EC7D-4B46-B27C-21EBDD3F19C8}"
EndProject
Project("{9A19103F-16F7-4668-BE54-9A1E7A4F7556}") = "R5T.T0176", "..\..\R5T.T0176\source\R5T.T0176\R5T.T0176.csproj", "{9BCD3E33-EA27-4D0C-9296-802BBD29862E}"
EndProject
Project("{9A19103F-16F7-4668-BE54-9A1E7A4F7556}") = "R5T.T0177", "..\..\R5T.T0177\source\R5T.T0177\R5T.T0177.csproj", "{3CD7C568-7144-495D-BB4C-023040892897}"
EndProject
Project("{9A19103F-16F7-4668-BE54-9A1E7A4F7556}") = "R5T.T0178", "..\..\R5T.T0178\source\R5T.T0178\R5T.T0178.csproj", "{BBC933CB-B9D8-4A7A-9C9C-4C24E4F8A5AC}"
EndProject
Project("{9A19103F-16F7-4668-BE54-9A1E7A4F7556}") = "R5T.T0179", "..\..\R5T.T0179\source\R5T.T0179\R5T.T0179.csproj", "{760DB618-4BCC-4CCA-B25F-D2D5A9A7319D}"
EndProject
Project("{9A19103F-16F7-4668-BE54-9A1E7A4F7556}") = "R5T.T0180", "..\..\R5T.T0180\source\R5T.T0180\R5T.T0180.csproj", "{C68E98EF-28E3-4F9C-8096-2C8551DD0846}"
EndProject
Project("{9A19103F-16F7-4668-BE54-9A1E7A4F7556}") = "R5T.T0181", "..\..\R5T.T0181\source\R5T.T0181\R5T.T0181.csproj", "{A3B76934-BB53-4CAC-A9D4-3908F067B17A}"
EndProject
Project("{9A19103F-16F7-4668-BE54-9A1E7A4F7556}") = "R5T.T0185", "..\..\R5T.T0185\source\R5T.T0185\R5T.T0185.csproj", "{79D62F05-A5D2-4343-90D9-23A013B9DD98}"
EndProject
Project("{9A19103F-16F7-4668-BE54-9A1E7A4F7556}") = "R5T.T0199", "..\..\R5T.T0199\source\R5T.T0199\R5T.T0199.csproj", "{D33B642C-999B-47FC-9995-8D8383A3759D}"
EndProject
Project("{9A19103F-16F7-4668-BE54-9A1E7A4F7556}") = "R5T.T0203", "..\..\R5T.T0203\source\R5T.T0203\R5T.T0203.csproj", "{C1C98B98-CA20-4D54-9F56-83BFECCF460E}"
EndProject
Project("{9A19103F-16F7-4668-BE54-9A1E7A4F7556}") = "R5T.T0220", "..\..\R5T.T0220\source\R5T.T0220\R5T.T0220.csproj", "{17948D23-B2A2-41F6-9284-58332B06F91B}"
EndProject
Project("{9A19103F-16F7-4668-BE54-9A1E7A4F7556}") = "R5T.T0221", "..\..\R5T.T0221\source\R5T.T0221\R5T.T0221.csproj", "{7D7FF6E7-F65A-4AD1-B9C7-356B17647773}"
EndProject
Project("{9A19103F-16F7-4668-BE54-9A1E7A4F7556}") = "R5T.Y0000", "..\..\R5T.Y0000\source\R5T.Y0000\R5T.Y0000.csproj", "{E5AF1776-655E-413F-A41F-9D80E04CE782}"
EndProject
Project("{9A19103F-16F7-4668-BE54-9A1E7A4F7556}") = "R5T.Z0000", "..\..\R5T.Z0000\source\R5T.Z0000\R5T.Z0000.csproj", "{C0118500-CDDE-4F73-BF23-3B47D8D43B0E}"
EndProject
Project("{9A19103F-16F7-4668-BE54-9A1E7A4F7556}") = "R5T.Z0010.Platform", "..\..\R5T.Z0010\source\R5T.Z0010.Platform\R5T.Z0010.Platform.csproj", "{705E7256-58A2-43AE-BC74-B87D0864A40F}"
EndProject
Global
	GlobalSection(NestedProjects) = preSolution
		{079AFF39-E793-4AEC-855E-B50DA1577392} = {C8F91217-3736-4834-94FB-60BC65813610}
		{65C45FD5-52B9-4DEC-82EA-B62520CF81D9} = {C8F91217-3736-4834-94FB-60BC65813610}
		{0DC24F65-ACB2-4A7D-AABD-44331D3B6EF5} = {C8F91217-3736-4834-94FB-60BC65813610}
		{026126C2-1FEE-4ED4-B528-67D0C9B9759B} = {C8F91217-3736-4834-94FB-60BC65813610}
		{5DB666B7-4F6F-4143-8C88-42E7663C3DD2} = {C8F91217-3736-4834-94FB-60BC65813610}
		{CDB415E5-E6C0-47D5-9B34-8C260EBB0057} = {C8F91217-3736-4834-94FB-60BC65813610}
		{36537AB9-6151-454A-BC9A-714AB6836F13} = {C8F91217-3736-4834-94FB-60BC65813610}
		{1622E95B-D1CB-4670-B2C2-B9C6B999C8FF} = {C8F91217-3736-4834-94FB-60BC65813610}
		{0E749CE1-8694-456A-9153-1E90D40619B5} = {C8F91217-3736-4834-94FB-60BC65813610}
		{71B4DDA7-58AE-43B1-9120-A57CB234BB99} = {C8F91217-3736-4834-94FB-60BC65813610}
		{C1FEDD62-8045-44BD-9819-168B6488EDCB} = {C8F91217-3736-4834-94FB-60BC65813610}
		{75A39D2B-AEB4-4980-9780-18DFF7149D79} = {C8F91217-3736-4834-94FB-60BC65813610}
		{8C5FA889-071F-4236-AE99-56C3E5019C5A} = {C8F91217-3736-4834-94FB-60BC65813610}
		{5F8AABD9-91E4-4088-9D92-A4ED126DB605} = {C8F91217-3736-4834-94FB-60BC65813610}
		{3E0A41A2-2D0C-4E43-9823-1A48BD81BAC3} = {C8F91217-3736-4834-94FB-60BC65813610}
		{329146BC-BC22-4429-B120-97691E81371B} = {C8F91217-3736-4834-94FB-60BC65813610}
		{E532A2A1-EC7D-4B46-B27C-21EBDD3F19C8} = {C8F91217-3736-4834-94FB-60BC65813610}
		{9BCD3E33-EA27-4D0C-9296-802BBD29862E} = {C8F91217-3736-4834-94FB-60BC65813610}
		{3CD7C568-7144-495D-BB4C-023040892897} = {C8F91217-3736-4834-94FB-60BC65813610}
		{BBC933CB-B9D8-4A7A-9C9C-4C24E4F8A5AC} = {C8F91217-3736-4834-94FB-60BC65813610}
		{760DB618-4BCC-4CCA-B25F-D2D5A9A7319D} = {C8F91217-3736-4834-94FB-60BC65813610}
		{C68E98EF-28E3-4F9C-8096-2C8551DD0846} = {C8F91217-3736-4834-94FB-60BC65813610}
		{A3B76934-BB53-4CAC-A9D4-3908F067B17A} = {C8F91217-3736-4834-94FB-60BC65813610}
		{79D62F05-A5D2-4343-90D9-23A013B9DD98} = {C8F91217-3736-4834-94FB-60BC65813610}
		{D33B642C-999B-47FC-9995-8D8383A3759D} = {C8F91217-3736-4834-94FB-60BC65813610}
		{C1C98B98-CA20-4D54-9F56-83BFECCF460E} = {C8F91217-3736-4834-94FB-60BC65813610}
		{17948D23-B2A2-41F6-9284-58332B06F91B} = {C8F91217-3736-4834-94FB-60BC65813610}
		{7D7FF6E7-F65A-4AD1-B9C7-356B17647773} = {C8F91217-3736-4834-94FB-60BC65813610}
		{E5AF1776-655E-413F-A41F-9D80E04CE782} = {C8F91217-3736-4834-94FB-60BC65813610}
		{C0118500-CDDE-4F73-BF23-3B47D8D43B0E} = {C8F91217-3736-4834-94FB-60BC65813610}
		{705E7256-58A2-43AE-BC74-B87D0864A40F} = {C8F91217-3736-4834-94FB-60BC65813610}
	EndGlobalSection
	GlobalSection(SolutionConfigurationPlatforms) = preSolution
		Debug|Any CPU = Debug|Any CPU
		Release|Any CPU = Release|Any CPU
	EndGlobalSection
	GlobalSection(ProjectConfigurationPlatforms) = postSolution
		{73342A81-02B5-4888-A96A-51AA7F3FDC1C}.Debug|Any CPU.ActiveCfg = Debug|Any CPU
		{73342A81-02B5-4888-A96A-51AA7F3FDC1C}.Debug|Any CPU.Build.0 = Debug|Any CPU
		{73342A81-02B5-4888-A96A-51AA7F3FDC1C}.Release|Any CPU.ActiveCfg = Release|Any CPU
		{73342A81-02B5-4888-A96A-51AA7F3FDC1C}.Release|Any CPU.Build.0 = Release|Any CPU
		{079AFF39-E793-4AEC-855E-B50DA1577392}.Debug|Any CPU.ActiveCfg = Debug|Any CPU
		{079AFF39-E793-4AEC-855E-B50DA1577392}.Debug|Any CPU.Build.0 = Debug|Any CPU
		{079AFF39-E793-4AEC-855E-B50DA1577392}.Release|Any CPU.ActiveCfg = Release|Any CPU
		{079AFF39-E793-4AEC-855E-B50DA1577392}.Release|Any CPU.Build.0 = Release|Any CPU
		{65C45FD5-52B9-4DEC-82EA-B62520CF81D9}.Debug|Any CPU.ActiveCfg = Debug|Any CPU
		{65C45FD5-52B9-4DEC-82EA-B62520CF81D9}.Debug|Any CPU.Build.0 = Debug|Any CPU
		{65C45FD5-52B9-4DEC-82EA-B62520CF81D9}.Release|Any CPU.ActiveCfg = Release|Any CPU
		{65C45FD5-52B9-4DEC-82EA-B62520CF81D9}.Release|Any CPU.Build.0 = Release|Any CPU
		{0E78B0E8-DE0D-43CE-8A86-BE570C1C31FB}.Debug|Any CPU.ActiveCfg = Debug|Any CPU
		{0E78B0E8-DE0D-43CE-8A86-BE570C1C31FB}.Debug|Any CPU.Build.0 = Debug|Any CPU
		{0E78B0E8-DE0D-43CE-8A86-BE570C1C31FB}.Release|Any CPU.ActiveCfg = Release|Any CPU
		{0E78B0E8-DE0D-43CE-8A86-BE570C1C31FB}.Release|Any CPU.Build.0 = Release|Any CPU
		{0DC24F65-ACB2-4A7D-AABD-44331D3B6EF5}.Debug|Any CPU.ActiveCfg = Debug|Any CPU
		{0DC24F65-ACB2-4A7D-AABD-44331D3B6EF5}.Debug|Any CPU.Build.0 = Debug|Any CPU
		{0DC24F65-ACB2-4A7D-AABD-44331D3B6EF5}.Release|Any CPU.ActiveCfg = Release|Any CPU
		{0DC24F65-ACB2-4A7D-AABD-44331D3B6EF5}.Release|Any CPU.Build.0 = Release|Any CPU
		{026126C2-1FEE-4ED4-B528-67D0C9B9759B}.Debug|Any CPU.ActiveCfg = Debug|Any CPU
		{026126C2-1FEE-4ED4-B528-67D0C9B9759B}.Debug|Any CPU.Build.0 = Debug|Any CPU
		{026126C2-1FEE-4ED4-B528-67D0C9B9759B}.Release|Any CPU.ActiveCfg = Release|Any CPU
		{026126C2-1FEE-4ED4-B528-67D0C9B9759B}.Release|Any CPU.Build.0 = Release|Any CPU
		{5DB666B7-4F6F-4143-8C88-42E7663C3DD2}.Debug|Any CPU.ActiveCfg = Debug|Any CPU
		{5DB666B7-4F6F-4143-8C88-42E7663C3DD2}.Debug|Any CPU.Build.0 = Debug|Any CPU
		{5DB666B7-4F6F-4143-8C88-42E7663C3DD2}.Release|Any CPU.ActiveCfg = Release|Any CPU
		{5DB666B7-4F6F-4143-8C88-42E7663C3DD2}.Release|Any CPU.Build.0 = Release|Any CPU
		{CDB415E5-E6C0-47D5-9B34-8C260EBB0057}.Debug|Any CPU.ActiveCfg = Debug|Any CPU
		{CDB415E5-E6C0-47D5-9B34-8C260EBB0057}.Debug|Any CPU.Build.0 = Debug|Any CPU
		{CDB415E5-E6C0-47D5-9B34-8C260EBB0057}.Release|Any CPU.ActiveCfg = Release|Any CPU
		{CDB415E5-E6C0-47D5-9B34-8C260EBB0057}.Release|Any CPU.Build.0 = Release|Any CPU
		{36537AB9-6151-454A-BC9A-714AB6836F13}.Debug|Any CPU.ActiveCfg = Debug|Any CPU
		{36537AB9-6151-454A-BC9A-714AB6836F13}.Debug|Any CPU.Build.0 = Debug|Any CPU
		{36537AB9-6151-454A-BC9A-714AB6836F13}.Release|Any CPU.ActiveCfg = Release|Any CPU
		{36537AB9-6151-454A-BC9A-714AB6836F13}.Release|Any CPU.Build.0 = Release|Any CPU
		{1622E95B-D1CB-4670-B2C2-B9C6B999C8FF}.Debug|Any CPU.ActiveCfg = Debug|Any CPU
		{1622E95B-D1CB-4670-B2C2-B9C6B999C8FF}.Debug|Any CPU.Build.0 = Debug|Any CPU
		{1622E95B-D1CB-4670-B2C2-B9C6B999C8FF}.Release|Any CPU.ActiveCfg = Release|Any CPU
		{1622E95B-D1CB-4670-B2C2-B9C6B999C8FF}.Release|Any CPU.Build.0 = Release|Any CPU
		{0E749CE1-8694-456A-9153-1E90D40619B5}.Debug|Any CPU.ActiveCfg = Debug|Any CPU
		{0E749CE1-8694-456A-9153-1E90D40619B5}.Debug|Any CPU.Build.0 = Debug|Any CPU
		{0E749CE1-8694-456A-9153-1E90D40619B5}.Release|Any CPU.ActiveCfg = Release|Any CPU
		{0E749CE1-8694-456A-9153-1E90D40619B5}.Release|Any CPU.Build.0 = Release|Any CPU
		{71B4DDA7-58AE-43B1-9120-A57CB234BB99}.Debug|Any CPU.ActiveCfg = Debug|Any CPU
		{71B4DDA7-58AE-43B1-9120-A57CB234BB99}.Debug|Any CPU.Build.0 = Debug|Any CPU
		{71B4DDA7-58AE-43B1-9120-A57CB234BB99}.Release|Any CPU.ActiveCfg = Release|Any CPU
		{71B4DDA7-58AE-43B1-9120-A57CB234BB99}.Release|Any CPU.Build.0 = Release|Any CPU
		{C1FEDD62-8045-44BD-9819-168B6488EDCB}.Debug|Any CPU.ActiveCfg = Debug|Any CPU
		{C1FEDD62-8045-44BD-9819-168B6488EDCB}.Debug|Any CPU.Build.0 = Debug|Any CPU
		{C1FEDD62-8045-44BD-9819-168B6488EDCB}.Release|Any CPU.ActiveCfg = Release|Any CPU
		{C1FEDD62-8045-44BD-9819-168B6488EDCB}.Release|Any CPU.Build.0 = Release|Any CPU
		{75A39D2B-AEB4-4980-9780-18DFF7149D79}.Debug|Any CPU.ActiveCfg = Debug|Any CPU
		{75A39D2B-AEB4-4980-9780-18DFF7149D79}.Debug|Any CPU.Build.0 = Debug|Any CPU
		{75A39D2B-AEB4-4980-9780-18DFF7149D79}.Release|Any CPU.ActiveCfg = Release|Any CPU
		{75A39D2B-AEB4-4980-9780-18DFF7149D79}.Release|Any CPU.Build.0 = Release|Any CPU
		{8C5FA889-071F-4236-AE99-56C3E5019C5A}.Debug|Any CPU.ActiveCfg = Debug|Any CPU
		{8C5FA889-071F-4236-AE99-56C3E5019C5A}.Debug|Any CPU.Build.0 = Debug|Any CPU
		{8C5FA889-071F-4236-AE99-56C3E5019C5A}.Release|Any CPU.ActiveCfg = Release|Any CPU
		{8C5FA889-071F-4236-AE99-56C3E5019C5A}.Release|Any CPU.Build.0 = Release|Any CPU
		{5F8AABD9-91E4-4088-9D92-A4ED126DB605}.Debug|Any CPU.ActiveCfg = Debug|Any CPU
		{5F8AABD9-91E4-4088-9D92-A4ED126DB605}.Debug|Any CPU.Build.0 = Debug|Any CPU
		{5F8AABD9-91E4-4088-9D92-A4ED126DB605}.Release|Any CPU.ActiveCfg = Release|Any CPU
		{5F8AABD9-91E4-4088-9D92-A4ED126DB605}.Release|Any CPU.Build.0 = Release|Any CPU
		{3E0A41A2-2D0C-4E43-9823-1A48BD81BAC3}.Debug|Any CPU.ActiveCfg = Debug|Any CPU
		{3E0A41A2-2D0C-4E43-9823-1A48BD81BAC3}.Debug|Any CPU.Build.0 = Debug|Any CPU
		{3E0A41A2-2D0C-4E43-9823-1A48BD81BAC3}.Release|Any CPU.ActiveCfg = Release|Any CPU
		{3E0A41A2-2D0C-4E43-9823-1A48BD81BAC3}.Release|Any CPU.Build.0 = Release|Any CPU
		{329146BC-BC22-4429-B120-97691E81371B}.Debug|Any CPU.ActiveCfg = Debug|Any CPU
		{329146BC-BC22-4429-B120-97691E81371B}.Debug|Any CPU.Build.0 = Debug|Any CPU
		{329146BC-BC22-4429-B120-97691E81371B}.Release|Any CPU.ActiveCfg = Release|Any CPU
		{329146BC-BC22-4429-B120-97691E81371B}.Release|Any CPU.Build.0 = Release|Any CPU
		{E532A2A1-EC7D-4B46-B27C-21EBDD3F19C8}.Debug|Any CPU.ActiveCfg = Debug|Any CPU
		{E532A2A1-EC7D-4B46-B27C-21EBDD3F19C8}.Debug|Any CPU.Build.0 = Debug|Any CPU
		{E532A2A1-EC7D-4B46-B27C-21EBDD3F19C8}.Release|Any CPU.ActiveCfg = Release|Any CPU
		{E532A2A1-EC7D-4B46-B27C-21EBDD3F19C8}.Release|Any CPU.Build.0 = Release|Any CPU
		{9BCD3E33-EA27-4D0C-9296-802BBD29862E}.Debug|Any CPU.ActiveCfg = Debug|Any CPU
		{9BCD3E33-EA27-4D0C-9296-802BBD29862E}.Debug|Any CPU.Build.0 = Debug|Any CPU
		{9BCD3E33-EA27-4D0C-9296-802BBD29862E}.Release|Any CPU.ActiveCfg = Release|Any CPU
		{9BCD3E33-EA27-4D0C-9296-802BBD29862E}.Release|Any CPU.Build.0 = Release|Any CPU
		{3CD7C568-7144-495D-BB4C-023040892897}.Debug|Any CPU.ActiveCfg = Debug|Any CPU
		{3CD7C568-7144-495D-BB4C-023040892897}.Debug|Any CPU.Build.0 = Debug|Any CPU
		{3CD7C568-7144-495D-BB4C-023040892897}.Release|Any CPU.ActiveCfg = Release|Any CPU
		{3CD7C568-7144-495D-BB4C-023040892897}.Release|Any CPU.Build.0 = Release|Any CPU
		{BBC933CB-B9D8-4A7A-9C9C-4C24E4F8A5AC}.Debug|Any CPU.ActiveCfg = Debug|Any CPU
		{BBC933CB-B9D8-4A7A-9C9C-4C24E4F8A5AC}.Debug|Any CPU.Build.0 = Debug|Any CPU
		{BBC933CB-B9D8-4A7A-9C9C-4C24E4F8A5AC}.Release|Any CPU.ActiveCfg = Release|Any CPU
		{BBC933CB-B9D8-4A7A-9C9C-4C24E4F8A5AC}.Release|Any CPU.Build.0 = Release|Any CPU
		{760DB618-4BCC-4CCA-B25F-D2D5A9A7319D}.Debug|Any CPU.ActiveCfg = Debug|Any CPU
		{760DB618-4BCC-4CCA-B25F-D2D5A9A7319D}.Debug|Any CPU.Build.0 = Debug|Any CPU
		{760DB618-4BCC-4CCA-B25F-D2D5A9A7319D}.Release|Any CPU.ActiveCfg = Release|Any CPU
		{760DB618-4BCC-4CCA-B25F-D2D5A9A7319D}.Release|Any CPU.Build.0 = Release|Any CPU
		{C68E98EF-28E3-4F9C-8096-2C8551DD0846}.Debug|Any CPU.ActiveCfg = Debug|Any CPU
		{C68E98EF-28E3-4F9C-8096-2C8551DD0846}.Debug|Any CPU.Build.0 = Debug|Any CPU
		{C68E98EF-28E3-4F9C-8096-2C8551DD0846}.Release|Any CPU.ActiveCfg = Release|Any CPU
		{C68E98EF-28E3-4F9C-8096-2C8551DD0846}.Release|Any CPU.Build.0 = Release|Any CPU
		{A3B76934-BB53-4CAC-A9D4-3908F067B17A}.Debug|Any CPU.ActiveCfg = Debug|Any CPU
		{A3B76934-BB53-4CAC-A9D4-3908F067B17A}.Debug|Any CPU.Build.0 = Debug|Any CPU
		{A3B76934-BB53-4CAC-A9D4-3908F067B17A}.Release|Any CPU.ActiveCfg = Release|Any CPU
		{A3B76934-BB53-4CAC-A9D4-3908F067B17A}.Release|Any CPU.Build.0 = Release|Any CPU
		{79D62F05-A5D2-4343-90D9-23A013B9DD98}.Debug|Any CPU.ActiveCfg = Debug|Any CPU
		{79D62F05-A5D2-4343-90D9-23A013B9DD98}.Debug|Any CPU.Build.0 = Debug|Any CPU
		{79D62F05-A5D2-4343-90D9-23A013B9DD98}.Release|Any CPU.ActiveCfg = Release|Any CPU
		{79D62F05-A5D2-4343-90D9-23A013B9DD98}.Release|Any CPU.Build.0 = Release|Any CPU
		{D33B642C-999B-47FC-9995-8D8383A3759D}.Debug|Any CPU.ActiveCfg = Debug|Any CPU
		{D33B642C-999B-47FC-9995-8D8383A3759D}.Debug|Any CPU.Build.0 = Debug|Any CPU
		{D33B642C-999B-47FC-9995-8D8383A3759D}.Release|Any CPU.ActiveCfg = Release|Any CPU
		{D33B642C-999B-47FC-9995-8D8383A3759D}.Release|Any CPU.Build.0 = Release|Any CPU
		{C1C98B98-CA20-4D54-9F56-83BFECCF460E}.Debug|Any CPU.ActiveCfg = Debug|Any CPU
		{C1C98B98-CA20-4D54-9F56-83BFECCF460E}.Debug|Any CPU.Build.0 = Debug|Any CPU
		{C1C98B98-CA20-4D54-9F56-83BFECCF460E}.Release|Any CPU.ActiveCfg = Release|Any CPU
		{C1C98B98-CA20-4D54-9F56-83BFECCF460E}.Release|Any CPU.Build.0 = Release|Any CPU
		{17948D23-B2A2-41F6-9284-58332B06F91B}.Debug|Any CPU.ActiveCfg = Debug|Any CPU
		{17948D23-B2A2-41F6-9284-58332B06F91B}.Debug|Any CPU.Build.0 = Debug|Any CPU
		{17948D23-B2A2-41F6-9284-58332B06F91B}.Release|Any CPU.ActiveCfg = Release|Any CPU
		{17948D23-B2A2-41F6-9284-58332B06F91B}.Release|Any CPU.Build.0 = Release|Any CPU
		{7D7FF6E7-F65A-4AD1-B9C7-356B17647773}.Debug|Any CPU.ActiveCfg = Debug|Any CPU
		{7D7FF6E7-F65A-4AD1-B9C7-356B17647773}.Debug|Any CPU.Build.0 = Debug|Any CPU
		{7D7FF6E7-F65A-4AD1-B9C7-356B17647773}.Release|Any CPU.ActiveCfg = Release|Any CPU
		{7D7FF6E7-F65A-4AD1-B9C7-356B17647773}.Release|Any CPU.Build.0 = Release|Any CPU
		{E5AF1776-655E-413F-A41F-9D80E04CE782}.Debug|Any CPU.ActiveCfg = Debug|Any CPU
		{E5AF1776-655E-413F-A41F-9D80E04CE782}.Debug|Any CPU.Build.0 = Debug|Any CPU
		{E5AF1776-655E-413F-A41F-9D80E04CE782}.Release|Any CPU.ActiveCfg = Release|Any CPU
		{E5AF1776-655E-413F-A41F-9D80E04CE782}.Release|Any CPU.Build.0 = Release|Any CPU
		{C0118500-CDDE-4F73-BF23-3B47D8D43B0E}.Debug|Any CPU.ActiveCfg = Debug|Any CPU
		{C0118500-CDDE-4F73-BF23-3B47D8D43B0E}.Debug|Any CPU.Build.0 = Debug|Any CPU
		{C0118500-CDDE-4F73-BF23-3B47D8D43B0E}.Release|Any CPU.ActiveCfg = Release|Any CPU
		{C0118500-CDDE-4F73-BF23-3B47D8D43B0E}.Release|Any CPU.Build.0 = Release|Any CPU
		{705E7256-58A2-43AE-BC74-B87D0864A40F}.Debug|Any CPU.ActiveCfg = Debug|Any CPU
		{705E7256-58A2-43AE-BC74-B87D0864A40F}.Debug|Any CPU.Build.0 = Debug|Any CPU
		{705E7256-58A2-43AE-BC74-B87D0864A40F}.Release|Any CPU.ActiveCfg = Release|Any CPU
		{705E7256-58A2-43AE-BC74-B87D0864A40F}.Release|Any CPU.Build.0 = Release|Any CPU
	EndGlobalSection
	GlobalSection(SolutionProperties) = preSolution
		HideSolutionNode = FALSE
	EndGlobalSection
	GlobalSection(ExtensibilityGlobals) = postSolution
		SolutionGuid = {07862563-1700-412E-9AA1-4938CD2F290F}
	EndGlobalSection
EndGlobal
